
Microsoft Visual Studio Solution File, Format Version 12.00
# Visual Studio Version 17
VisualStudioVersion = 17.7.34024.191
MinimumVisualStudioVersion = 10.0.40219.1
Project("{9A19103F-16F7-4668-BE54-9A1E7A4F7556}") = "FilmHouse.Data.PostgreSql", "FilmHouse.Data.PostgreSql\FilmHouse.Data.PostgreSql.csproj", "{0C7EA5BE-3924-4A33-A048-025EA1593F2E}"
EndProject
Project("{2150E333-8FDC-42A3-9474-1A3956D46DE8}") = "Domain", "Domain", "{19FA03C4-5871-4B54-8EBA-2788D6C26B6E}"
EndProject
Project("{2150E333-8FDC-42A3-9474-1A3956D46DE8}") = "Application", "Application", "{558E87CD-C7B6-460D-BC5B-DC685B52B41E}"
EndProject
Project("{2150E333-8FDC-42A3-9474-1A3956D46DE8}") = "Presentation", "Presentation", "{BFA828E5-7AAC-45E4-8D48-55FBC3C6BAD8}"
EndProject
Project("{2150E333-8FDC-42A3-9474-1A3956D46DE8}") = "Infrastructure", "Infrastructure", "{12EE32C5-FA6E-41C9-8A81-D1DCDF1C28C7}"
EndProject
Project("{9A19103F-16F7-4668-BE54-9A1E7A4F7556}") = "FilmHouse.App.Presentation.Web.UI", "FilmHouse.App.Presentation.Web.UI\FilmHouse.App.Presentation.Web.UI.csproj", "{F90E404C-8A93-4E7C-B6EB-C53DA17A5514}"
EndProject
Project("{9A19103F-16F7-4668-BE54-9A1E7A4F7556}") = "FilmHouse.Data", "FilmHouse.Data\FilmHouse.Data.csproj", "{0854892C-4331-4807-A3F7-B39C506958E5}"
EndProject
Project("{9A19103F-16F7-4668-BE54-9A1E7A4F7556}") = "FilmHouse.Commands", "FilmHouse.Commands\FilmHouse.Commands.csproj", "{C0F2D497-7176-4E71-A101-CD63D1FD3909}"
EndProject
Project("{9A19103F-16F7-4668-BE54-9A1E7A4F7556}") = "FilmHouse.Commands.Test", "FilmHouse.Commands.Test\FilmHouse.Commands.Test.csproj", "{D14E0E3A-AF3E-4C3D-91C8-92E1F35B9B9C}"
EndProject
Project("{9A19103F-16F7-4668-BE54-9A1E7A4F7556}") = "FilmHouse.Core.Presentation.Web", "FilmHouse.Core.Presentation.Web\FilmHouse.Core.Presentation.Web.csproj", "{4153A40D-3910-42E6-812E-84E6A4ACB056}"
EndProject
Project("{9A19103F-16F7-4668-BE54-9A1E7A4F7556}") = "FilmHouse.Data.SqlServer", "FilmHouse.Data.SqlServer\FilmHouse.Data.SqlServer.csproj", "{B77928F8-9424-4A7B-93C7-558BA3007F2B}"
EndProject
Project("{9A19103F-16F7-4668-BE54-9A1E7A4F7556}") = "FilmHouse.Data.MySql", "FilmHouse.Data.MySql\FilmHouse.Data.MySql.csproj", "{DAA1E7E4-C366-410D-AA3E-ECEF513D29E8}"
EndProject
Project("{9A19103F-16F7-4668-BE54-9A1E7A4F7556}") = "FilmHouse.Core", "FilmHouse.Core\FilmHouse.Core.csproj", "{E247A41A-0DB3-4F5C-8BF4-6317FD46C136}"
EndProject
Project("{9A19103F-16F7-4668-BE54-9A1E7A4F7556}") = "FilmHouse.Localization", "FilmHouse.Localization\FilmHouse.Localization.csproj", "{CA2D7CF8-0E18-4590-A29C-7FCD81D0E05B}"
EndProject
Project("{9A19103F-16F7-4668-BE54-9A1E7A4F7556}") = "FilmHouse.App.Presentation.Web.Api", "FilmHouse.App.Presentation.Web.Api\FilmHouse.App.Presentation.Web.Api.csproj", "{D943F1DE-5099-4724-A823-8DF7E376FDA4}"
EndProject
Project("{9A19103F-16F7-4668-BE54-9A1E7A4F7556}") = "FilmHouse.Api.Commands", "FilmHouse.Api.Commands\FilmHouse.Api.Commands.csproj", "{7C2C7C2B-20AB-4CED-BC25-58425F950AEB}"
EndProject
Project("{9A19103F-16F7-4668-BE54-9A1E7A4F7556}") = "FilmHouse.Api.Commands.Test", "FilmHouse.Api.Commands.Test\FilmHouse.Api.Commands.Test.csproj", "{A7F93569-E639-4F8A-86E5-053771B2C3D3}"
EndProject
Project("{D954291E-2A0B-460D-934E-DC6B0785DB48}") = "FilmHouse.Tests.Shared", "FilmHouse.Tests.Shared\FilmHouse.Tests.Shared.shproj", "{8254239C-5C28-4542-978E-BE1EDBF82383}"
EndProject
Global
	GlobalSection(SolutionConfigurationPlatforms) = preSolution
		Debug|Any CPU = Debug|Any CPU
		Release|Any CPU = Release|Any CPU
	EndGlobalSection
	GlobalSection(ProjectConfigurationPlatforms) = postSolution
		{0C7EA5BE-3924-4A33-A048-025EA1593F2E}.Debug|Any CPU.ActiveCfg = Debug|Any CPU
		{0C7EA5BE-3924-4A33-A048-025EA1593F2E}.Debug|Any CPU.Build.0 = Debug|Any CPU
		{0C7EA5BE-3924-4A33-A048-025EA1593F2E}.Release|Any CPU.ActiveCfg = Release|Any CPU
		{0C7EA5BE-3924-4A33-A048-025EA1593F2E}.Release|Any CPU.Build.0 = Release|Any CPU
		{F90E404C-8A93-4E7C-B6EB-C53DA17A5514}.Debug|Any CPU.ActiveCfg = Debug|Any CPU
		{F90E404C-8A93-4E7C-B6EB-C53DA17A5514}.Debug|Any CPU.Build.0 = Debug|Any CPU
		{F90E404C-8A93-4E7C-B6EB-C53DA17A5514}.Release|Any CPU.ActiveCfg = Release|Any CPU
		{F90E404C-8A93-4E7C-B6EB-C53DA17A5514}.Release|Any CPU.Build.0 = Release|Any CPU
		{0854892C-4331-4807-A3F7-B39C506958E5}.Debug|Any CPU.ActiveCfg = Debug|Any CPU
		{0854892C-4331-4807-A3F7-B39C506958E5}.Debug|Any CPU.Build.0 = Debug|Any CPU
		{0854892C-4331-4807-A3F7-B39C506958E5}.Release|Any CPU.ActiveCfg = Release|Any CPU
		{0854892C-4331-4807-A3F7-B39C506958E5}.Release|Any CPU.Build.0 = Release|Any CPU
		{C0F2D497-7176-4E71-A101-CD63D1FD3909}.Debug|Any CPU.ActiveCfg = Debug|Any CPU
		{C0F2D497-7176-4E71-A101-CD63D1FD3909}.Debug|Any CPU.Build.0 = Debug|Any CPU
		{C0F2D497-7176-4E71-A101-CD63D1FD3909}.Release|Any CPU.ActiveCfg = Release|Any CPU
		{C0F2D497-7176-4E71-A101-CD63D1FD3909}.Release|Any CPU.Build.0 = Release|Any CPU
		{D14E0E3A-AF3E-4C3D-91C8-92E1F35B9B9C}.Debug|Any CPU.ActiveCfg = Debug|Any CPU
		{D14E0E3A-AF3E-4C3D-91C8-92E1F35B9B9C}.Debug|Any CPU.Build.0 = Debug|Any CPU
		{D14E0E3A-AF3E-4C3D-91C8-92E1F35B9B9C}.Release|Any CPU.ActiveCfg = Release|Any CPU
		{D14E0E3A-AF3E-4C3D-91C8-92E1F35B9B9C}.Release|Any CPU.Build.0 = Release|Any CPU
		{4153A40D-3910-42E6-812E-84E6A4ACB056}.Debug|Any CPU.ActiveCfg = Debug|Any CPU
		{4153A40D-3910-42E6-812E-84E6A4ACB056}.Debug|Any CPU.Build.0 = Debug|Any CPU
		{4153A40D-3910-42E6-812E-84E6A4ACB056}.Release|Any CPU.ActiveCfg = Release|Any CPU
		{4153A40D-3910-42E6-812E-84E6A4ACB056}.Release|Any CPU.Build.0 = Release|Any CPU
		{B77928F8-9424-4A7B-93C7-558BA3007F2B}.Debug|Any CPU.ActiveCfg = Debug|Any CPU
		{B77928F8-9424-4A7B-93C7-558BA3007F2B}.Debug|Any CPU.Build.0 = Debug|Any CPU
		{B77928F8-9424-4A7B-93C7-558BA3007F2B}.Release|Any CPU.ActiveCfg = Release|Any CPU
		{B77928F8-9424-4A7B-93C7-558BA3007F2B}.Release|Any CPU.Build.0 = Release|Any CPU
		{DAA1E7E4-C366-410D-AA3E-ECEF513D29E8}.Debug|Any CPU.ActiveCfg = Debug|Any CPU
		{DAA1E7E4-C366-410D-AA3E-ECEF513D29E8}.Debug|Any CPU.Build.0 = Debug|Any CPU
		{DAA1E7E4-C366-410D-AA3E-ECEF513D29E8}.Release|Any CPU.ActiveCfg = Release|Any CPU
		{DAA1E7E4-C366-410D-AA3E-ECEF513D29E8}.Release|Any CPU.Build.0 = Release|Any CPU
		{E247A41A-0DB3-4F5C-8BF4-6317FD46C136}.Debug|Any CPU.ActiveCfg = Debug|Any CPU
		{E247A41A-0DB3-4F5C-8BF4-6317FD46C136}.Debug|Any CPU.Build.0 = Debug|Any CPU
		{E247A41A-0DB3-4F5C-8BF4-6317FD46C136}.Release|Any CPU.ActiveCfg = Release|Any CPU
		{E247A41A-0DB3-4F5C-8BF4-6317FD46C136}.Release|Any CPU.Build.0 = Release|Any CPU
		{CA2D7CF8-0E18-4590-A29C-7FCD81D0E05B}.Debug|Any CPU.ActiveCfg = Debug|Any CPU
		{CA2D7CF8-0E18-4590-A29C-7FCD81D0E05B}.Debug|Any CPU.Build.0 = Debug|Any CPU
		{CA2D7CF8-0E18-4590-A29C-7FCD81D0E05B}.Release|Any CPU.ActiveCfg = Release|Any CPU
		{CA2D7CF8-0E18-4590-A29C-7FCD81D0E05B}.Release|Any CPU.Build.0 = Release|Any CPU
		{D943F1DE-5099-4724-A823-8DF7E376FDA4}.Debug|Any CPU.ActiveCfg = Debug|Any CPU
		{D943F1DE-5099-4724-A823-8DF7E376FDA4}.Debug|Any CPU.Build.0 = Debug|Any CPU
		{D943F1DE-5099-4724-A823-8DF7E376FDA4}.Release|Any CPU.ActiveCfg = Release|Any CPU
		{D943F1DE-5099-4724-A823-8DF7E376FDA4}.Release|Any CPU.Build.0 = Release|Any CPU
		{7C2C7C2B-20AB-4CED-BC25-58425F950AEB}.Debug|Any CPU.ActiveCfg = Debug|Any CPU
		{7C2C7C2B-20AB-4CED-BC25-58425F950AEB}.Debug|Any CPU.Build.0 = Debug|Any CPU
		{7C2C7C2B-20AB-4CED-BC25-58425F950AEB}.Release|Any CPU.ActiveCfg = Release|Any CPU
		{7C2C7C2B-20AB-4CED-BC25-58425F950AEB}.Release|Any CPU.Build.0 = Release|Any CPU
		{A7F93569-E639-4F8A-86E5-053771B2C3D3}.Debug|Any CPU.ActiveCfg = Debug|Any CPU
		{A7F93569-E639-4F8A-86E5-053771B2C3D3}.Debug|Any CPU.Build.0 = Debug|Any CPU
		{A7F93569-E639-4F8A-86E5-053771B2C3D3}.Release|Any CPU.ActiveCfg = Release|Any CPU
		{A7F93569-E639-4F8A-86E5-053771B2C3D3}.Release|Any CPU.Build.0 = Release|Any CPU
	EndGlobalSection
	GlobalSection(SolutionProperties) = preSolution
		HideSolutionNode = FALSE
	EndGlobalSection
	GlobalSection(NestedProjects) = preSolution
		{0C7EA5BE-3924-4A33-A048-025EA1593F2E} = {12EE32C5-FA6E-41C9-8A81-D1DCDF1C28C7}
		{F90E404C-8A93-4E7C-B6EB-C53DA17A5514} = {BFA828E5-7AAC-45E4-8D48-55FBC3C6BAD8}
		{0854892C-4331-4807-A3F7-B39C506958E5} = {19FA03C4-5871-4B54-8EBA-2788D6C26B6E}
		{C0F2D497-7176-4E71-A101-CD63D1FD3909} = {558E87CD-C7B6-460D-BC5B-DC685B52B41E}
		{D14E0E3A-AF3E-4C3D-91C8-92E1F35B9B9C} = {558E87CD-C7B6-460D-BC5B-DC685B52B41E}
		{4153A40D-3910-42E6-812E-84E6A4ACB056} = {BFA828E5-7AAC-45E4-8D48-55FBC3C6BAD8}
		{B77928F8-9424-4A7B-93C7-558BA3007F2B} = {12EE32C5-FA6E-41C9-8A81-D1DCDF1C28C7}
		{DAA1E7E4-C366-410D-AA3E-ECEF513D29E8} = {12EE32C5-FA6E-41C9-8A81-D1DCDF1C28C7}
		{E247A41A-0DB3-4F5C-8BF4-6317FD46C136} = {19FA03C4-5871-4B54-8EBA-2788D6C26B6E}
		{CA2D7CF8-0E18-4590-A29C-7FCD81D0E05B} = {19FA03C4-5871-4B54-8EBA-2788D6C26B6E}
		{D943F1DE-5099-4724-A823-8DF7E376FDA4} = {BFA828E5-7AAC-45E4-8D48-55FBC3C6BAD8}
		{7C2C7C2B-20AB-4CED-BC25-58425F950AEB} = {558E87CD-C7B6-460D-BC5B-DC685B52B41E}
		{A7F93569-E639-4F8A-86E5-053771B2C3D3} = {558E87CD-C7B6-460D-BC5B-DC685B52B41E}
		{8254239C-5C28-4542-978E-BE1EDBF82383} = {0BC6E909-18C4-446D-B88B-64AE7A5ECC83}
	EndGlobalSection
	GlobalSection(ExtensibilityGlobals) = postSolution
		SolutionGuid = {61B11A56-C8F0-4E30-8F0C-E5D1F40D52FA}
	EndGlobalSection
	GlobalSection(SharedMSBuildProjectFiles) = preSolution
		FilmHouse.Tests.Shared\FilmHouse.Tests.Shared.projitems*{8254239c-5c28-4542-978e-be1edbf82383}*SharedItemsImports = 13
		FilmHouse.Tests.Shared\FilmHouse.Tests.Shared.projitems*{a7f93569-e639-4f8a-86e5-053771b2c3d3}*SharedItemsImports = 5
		FilmHouse.Tests.Shared\FilmHouse.Tests.Shared.projitems*{d14e0e3a-af3e-4c3d-91c8-92e1f35b9b9c}*SharedItemsImports = 5
	EndGlobalSection
EndGlobal
